// !$*UTF8*$!
{
	archiveVersion = 1;
	classes = {
	};
	objectVersion = 56;
	objects = {

/* Begin PBXBuildFile section */
		4E18180F2C136EA600195490 /* SeenManager.swift in Sources */ = {isa = PBXBuildFile; fileRef = 4E18180E2C136EA600195490 /* SeenManager.swift */; };
		4E1BF79F2C1565F40087994A /* PreviousToDoViewModel.swift in Sources */ = {isa = PBXBuildFile; fileRef = 4E1BF79E2C1565F40087994A /* PreviousToDoViewModel.swift */; };
		4E1BF7A12C15669C0087994A /* PreviousDetailToDoViewModel.swift in Sources */ = {isa = PBXBuildFile; fileRef = 4E1BF7A02C15669C0087994A /* PreviousDetailToDoViewModel.swift */; };
		4E1BF7A52C1568A80087994A /* Identifier.swift in Sources */ = {isa = PBXBuildFile; fileRef = 4E1BF7A42C1568A80087994A /* Identifier.swift */; };
		4E2062B62C0423650065592C /* APICase.swift in Sources */ = {isa = PBXBuildFile; fileRef = 4E2062B52C0423650065592C /* APICase.swift */; };
		4E2062B82C04423C0065592C /* Extension+UIViewController.swift in Sources */ = {isa = PBXBuildFile; fileRef = 4E2062B72C04423C0065592C /* Extension+UIViewController.swift */; };
		4E27893C2C09ADB60002466B /* ToDo.storyboard in Resources */ = {isa = PBXBuildFile; fileRef = 4E27893B2C09ADB60002466B /* ToDo.storyboard */; };
		4E27893E2C09B6540002466B /* ListViewController.swift in Sources */ = {isa = PBXBuildFile; fileRef = 4E27893D2C09B6540002466B /* ListViewController.swift */; };
		4E2789422C09B66F0002466B /* AddViewController.swift in Sources */ = {isa = PBXBuildFile; fileRef = 4E2789412C09B66F0002466B /* AddViewController.swift */; };
		4E2789472C09B76B0002466B /* DetailToDo.storyboard in Resources */ = {isa = PBXBuildFile; fileRef = 4E2789462C09B76B0002466B /* DetailToDo.storyboard */; };
		4E2789482C09BC9B0002466B /* LaunchScreen.storyboard in Resources */ = {isa = PBXBuildFile; fileRef = 4EE6F09C2BF51A440043D833 /* LaunchScreen.storyboard */; };
		4E27894A2C09C2D30002466B /* ToDoCell.xib in Resources */ = {isa = PBXBuildFile; fileRef = 4E2789492C09C2D30002466B /* ToDoCell.xib */; };
		4E28FB302BFC085200386215 /* Extension+URLRequest.swift in Sources */ = {isa = PBXBuildFile; fileRef = 4E28FB2F2BFC085200386215 /* Extension+URLRequest.swift */; };
		4E456E492C159A8E0098518F /* HeaderView.xib in Resources */ = {isa = PBXBuildFile; fileRef = 4E456E482C159A8E0098518F /* HeaderView.xib */; };
		4E456E4B2C159B330098518F /* HeaderView.swift in Sources */ = {isa = PBXBuildFile; fileRef = 4E456E4A2C159B330098518F /* HeaderView.swift */; };
		4E490E0C2BFE979E000665F7 /* ActivityIndicatorView.swift in Sources */ = {isa = PBXBuildFile; fileRef = 4E490E0B2BFE979E000665F7 /* ActivityIndicatorView.swift */; };
		4E490E112BFEAE64000665F7 /* Favorite.swift in Sources */ = {isa = PBXBuildFile; fileRef = 4E490E102BFEAE64000665F7 /* Favorite.swift */; };
		4E490E132BFEAE92000665F7 /* DBManager.swift in Sources */ = {isa = PBXBuildFile; fileRef = 4E490E122BFEAE92000665F7 /* DBManager.swift */; };
		4E4D432F2C1CB11C001CCAF9 /* EditViewModel.swift in Sources */ = {isa = PBXBuildFile; fileRef = 4E4D432E2C1CB11C001CCAF9 /* EditViewModel.swift */; };
		4E4D43312C1CDE2C001CCAF9 /* Extension+UILabel.swift in Sources */ = {isa = PBXBuildFile; fileRef = 4E4D43302C1CDE2C001CCAF9 /* Extension+UILabel.swift */; };
		4E4E555C2C1C3C7200700380 /* EditViewController.swift in Sources */ = {isa = PBXBuildFile; fileRef = 4E4E555B2C1C3C7200700380 /* EditViewController.swift */; };
		4E5979062BF7358D00A6951F /* ToDoCell.swift in Sources */ = {isa = PBXBuildFile; fileRef = 4E5979052BF7358D00A6951F /* ToDoCell.swift */; };
		4E7C5D762BF8541F00A4AE33 /* ListViewModel.swift in Sources */ = {isa = PBXBuildFile; fileRef = 4E7C5D752BF8541F00A4AE33 /* ListViewModel.swift */; };
		4E7C5D7A2BF8554600A4AE33 /* ToDos.swift in Sources */ = {isa = PBXBuildFile; fileRef = 4E7C5D792BF8554600A4AE33 /* ToDos.swift */; };
		4E7C5D812BF8597D00A4AE33 /* APIServiceProtocol.swift in Sources */ = {isa = PBXBuildFile; fileRef = 4E7C5D802BF8597D00A4AE33 /* APIServiceProtocol.swift */; };
		4E7C5D852BF85CDA00A4AE33 /* DetailToDoView.swift in Sources */ = {isa = PBXBuildFile; fileRef = 4E7C5D842BF85CDA00A4AE33 /* DetailToDoView.swift */; };
		4E7C5D8A2BF85D0D00A4AE33 /* UserAction.swift in Sources */ = {isa = PBXBuildFile; fileRef = 4E7C5D892BF85D0D00A4AE33 /* UserAction.swift */; };
		4E8649312BF8CC620099DFB5 /* Coordinator.swift in Sources */ = {isa = PBXBuildFile; fileRef = 4E8649302BF8CC620099DFB5 /* Coordinator.swift */; };
		4E8649342BF8CCD80099DFB5 /* AppCoordinator.swift in Sources */ = {isa = PBXBuildFile; fileRef = 4E8649332BF8CCD80099DFB5 /* AppCoordinator.swift */; };
		4E8649362BF8CE770099DFB5 /* ToDoCoordinator.swift in Sources */ = {isa = PBXBuildFile; fileRef = 4E8649352BF8CE770099DFB5 /* ToDoCoordinator.swift */; };
		4E8649392BF8D9710099DFB5 /* DIContainer.swift in Sources */ = {isa = PBXBuildFile; fileRef = 4E8649372BF8D9710099DFB5 /* DIContainer.swift */; };
		4E86493A2BF8D9710099DFB5 /* DICProtocol.swift in Sources */ = {isa = PBXBuildFile; fileRef = 4E8649382BF8D9710099DFB5 /* DICProtocol.swift */; };
		4E8649422BF8DA6A0099DFB5 /* REST_TODOTests.swift in Sources */ = {isa = PBXBuildFile; fileRef = 4E8649412BF8DA6A0099DFB5 /* REST_TODOTests.swift */; };
		4E86494E2BF8FC080099DFB5 /* APIService.swift in Sources */ = {isa = PBXBuildFile; fileRef = 4E86494D2BF8FC080099DFB5 /* APIService.swift */; };
		4E8649522BF8FE790099DFB5 /* Constants.swift in Sources */ = {isa = PBXBuildFile; fileRef = 4E8649512BF8FE790099DFB5 /* Constants.swift */; };
		4E8649572BF909FC0099DFB5 /* ToDoGETDTO.swift in Sources */ = {isa = PBXBuildFile; fileRef = 4E8649562BF909FC0099DFB5 /* ToDoGETDTO.swift */; };
		4E8649592BF90A0E0099DFB5 /* ToDoBodyDTO.swift in Sources */ = {isa = PBXBuildFile; fileRef = 4E8649582BF90A0E0099DFB5 /* ToDoBodyDTO.swift */; };
		4E86495B2BF911760099DFB5 /* ViewModelType.swift in Sources */ = {isa = PBXBuildFile; fileRef = 4E86495A2BF911760099DFB5 /* ViewModelType.swift */; };
		4E89298D2BFAB43500316E42 /* NetworkAPIDefinition.swift in Sources */ = {isa = PBXBuildFile; fileRef = 4E89298C2BFAB43500316E42 /* NetworkAPIDefinition.swift */; };
		4E89298F2BFAB77100316E42 /* DELETEAPI.swift in Sources */ = {isa = PBXBuildFile; fileRef = 4E89298E2BFAB77100316E42 /* DELETEAPI.swift */; };
		4E8D9ADB2C248F14002B4599 /* RxSwift in Frameworks */ = {isa = PBXBuildFile; productRef = 4E8D9ADA2C248F14002B4599 /* RxSwift */; };
		4E8D9ADD2C248F1A002B4599 /* RxCocoa in Frameworks */ = {isa = PBXBuildFile; productRef = 4E8D9ADC2C248F1A002B4599 /* RxCocoa */; };
		4E8D9ADF2C248F21002B4599 /* RxRelay in Frameworks */ = {isa = PBXBuildFile; productRef = 4E8D9ADE2C248F21002B4599 /* RxRelay */; };
		4E8D9AE12C248F28002B4599 /* Alamofire in Frameworks */ = {isa = PBXBuildFile; productRef = 4E8D9AE02C248F28002B4599 /* Alamofire */; };
		4E8D9AE32C248F2D002B4599 /* RxDataSources in Frameworks */ = {isa = PBXBuildFile; productRef = 4E8D9AE22C248F2D002B4599 /* RxDataSources */; };
		4E8D9AE52C248F34002B4599 /* SQLite in Frameworks */ = {isa = PBXBuildFile; productRef = 4E8D9AE42C248F34002B4599 /* SQLite */; };
		4E8D9AE62C249775002B4599 /* Secrets.xcconfig in Resources */ = {isa = PBXBuildFile; fileRef = 4E959E692C244AA600805DD4 /* Secrets.xcconfig */; };
		4E8DBD002BFF3901003E44DD /* GETAPI.swift in Sources */ = {isa = PBXBuildFile; fileRef = 4E8DBCFF2BFF3901003E44DD /* GETAPI.swift */; };
		4E8DBD022BFF3955003E44DD /* POSTAPI.swift in Sources */ = {isa = PBXBuildFile; fileRef = 4E8DBD012BFF3955003E44DD /* POSTAPI.swift */; };
		4E8DBD042BFF3968003E44DD /* PUTAPI.swift in Sources */ = {isa = PBXBuildFile; fileRef = 4E8DBD032BFF3968003E44DD /* PUTAPI.swift */; };
		4E959E662C242BB700805DD4 /* PreviousTodoCell.swift in Sources */ = {isa = PBXBuildFile; fileRef = 4E959E652C242BB700805DD4 /* PreviousTodoCell.swift */; };
		4E959E682C243CE600805DD4 /* Extension+UserNotifications.swift in Sources */ = {isa = PBXBuildFile; fileRef = 4E959E672C243CE600805DD4 /* Extension+UserNotifications.swift */; };
		4E9939582BFB9EE30087AA39 /* Extension+UIColor.swift in Sources */ = {isa = PBXBuildFile; fileRef = 4E9939572BFB9EE30087AA39 /* Extension+UIColor.swift */; };
		4E99395A2BFBA8C80087AA39 /* AddViewModel.swift in Sources */ = {isa = PBXBuildFile; fileRef = 4E9939592BFBA8C80087AA39 /* AddViewModel.swift */; };
		4EAB61FD2C1AD56A009D7388 /* EDIT.storyboard in Resources */ = {isa = PBXBuildFile; fileRef = 4EAB61FC2C1AD56A009D7388 /* EDIT.storyboard */; };
		4EAB61FF2C1AD574009D7388 /* ADD.storyboard in Resources */ = {isa = PBXBuildFile; fileRef = 4EAB61FE2C1AD574009D7388 /* ADD.storyboard */; };
		4ED3536F2C0A1439007ED64E /* Extension+UITextField.swift in Sources */ = {isa = PBXBuildFile; fileRef = 4ED3536E2C0A1439007ED64E /* Extension+UITextField.swift */; };
		4EE6F0922BF51A420043D833 /* AppDelegate.swift in Sources */ = {isa = PBXBuildFile; fileRef = 4EE6F0912BF51A420043D833 /* AppDelegate.swift */; };
		4EE6F0942BF51A420043D833 /* SceneDelegate.swift in Sources */ = {isa = PBXBuildFile; fileRef = 4EE6F0932BF51A420043D833 /* SceneDelegate.swift */; };
		4EE6F0962BF51A420043D833 /* ToDoView.swift in Sources */ = {isa = PBXBuildFile; fileRef = 4EE6F0952BF51A420043D833 /* ToDoView.swift */; };
		4EE6F09B2BF51A440043D833 /* Assets.xcassets in Resources */ = {isa = PBXBuildFile; fileRef = 4EE6F09A2BF51A440043D833 /* Assets.xcassets */; };
		4EFF4EBE2BF9B5B6006EC07C /* Extension+String.swift in Sources */ = {isa = PBXBuildFile; fileRef = 4EFF4EBD2BF9B5B6006EC07C /* Extension+String.swift */; };
/* End PBXBuildFile section */

/* Begin PBXContainerItemProxy section */
		4E8649432BF8DA6A0099DFB5 /* PBXContainerItemProxy */ = {
			isa = PBXContainerItemProxy;
			containerPortal = 4EE6F0862BF51A420043D833 /* Project object */;
			proxyType = 1;
			remoteGlobalIDString = 4EE6F08D2BF51A420043D833;
			remoteInfo = REST_TODO;
		};
/* End PBXContainerItemProxy section */

/* Begin PBXCopyFilesBuildPhase section */
		4ED353642C09F3BB007ED64E /* Embed Frameworks */ = {
			isa = PBXCopyFilesBuildPhase;
			buildActionMask = 2147483647;
			dstPath = "";
			dstSubfolderSpec = 10;
			files = (
			);
			name = "Embed Frameworks";
			runOnlyForDeploymentPostprocessing = 0;
		};
		4ED3536A2C09FCA9007ED64E /* Embed Frameworks */ = {
			isa = PBXCopyFilesBuildPhase;
			buildActionMask = 2147483647;
			dstPath = "";
			dstSubfolderSpec = 10;
			files = (
			);
			name = "Embed Frameworks";
			runOnlyForDeploymentPostprocessing = 0;
		};
/* End PBXCopyFilesBuildPhase section */

/* Begin PBXFileReference section */
		4E18180E2C136EA600195490 /* SeenManager.swift */ = {isa = PBXFileReference; lastKnownFileType = sourcecode.swift; path = SeenManager.swift; sourceTree = "<group>"; };
		4E1BF79E2C1565F40087994A /* PreviousToDoViewModel.swift */ = {isa = PBXFileReference; lastKnownFileType = sourcecode.swift; path = PreviousToDoViewModel.swift; sourceTree = "<group>"; };
		4E1BF7A02C15669C0087994A /* PreviousDetailToDoViewModel.swift */ = {isa = PBXFileReference; lastKnownFileType = sourcecode.swift; path = PreviousDetailToDoViewModel.swift; sourceTree = "<group>"; };
		4E1BF7A42C1568A80087994A /* Identifier.swift */ = {isa = PBXFileReference; lastKnownFileType = sourcecode.swift; path = Identifier.swift; sourceTree = "<group>"; };
		4E2062B52C0423650065592C /* APICase.swift */ = {isa = PBXFileReference; lastKnownFileType = sourcecode.swift; path = APICase.swift; sourceTree = "<group>"; };
		4E2062B72C04423C0065592C /* Extension+UIViewController.swift */ = {isa = PBXFileReference; lastKnownFileType = sourcecode.swift; path = "Extension+UIViewController.swift"; sourceTree = "<group>"; };
		4E27893B2C09ADB60002466B /* ToDo.storyboard */ = {isa = PBXFileReference; lastKnownFileType = file.storyboard; path = ToDo.storyboard; sourceTree = "<group>"; };
		4E27893D2C09B6540002466B /* ListViewController.swift */ = {isa = PBXFileReference; lastKnownFileType = sourcecode.swift; path = ListViewController.swift; sourceTree = "<group>"; };
		4E2789412C09B66F0002466B /* AddViewController.swift */ = {isa = PBXFileReference; lastKnownFileType = sourcecode.swift; path = AddViewController.swift; sourceTree = "<group>"; };
		4E2789462C09B76B0002466B /* DetailToDo.storyboard */ = {isa = PBXFileReference; fileEncoding = 4; lastKnownFileType = file.storyboard; path = DetailToDo.storyboard; sourceTree = "<group>"; };
		4E2789492C09C2D30002466B /* ToDoCell.xib */ = {isa = PBXFileReference; lastKnownFileType = file.xib; path = ToDoCell.xib; sourceTree = "<group>"; };
		4E28FB2F2BFC085200386215 /* Extension+URLRequest.swift */ = {isa = PBXFileReference; lastKnownFileType = sourcecode.swift; path = "Extension+URLRequest.swift"; sourceTree = "<group>"; };
		4E456E482C159A8E0098518F /* HeaderView.xib */ = {isa = PBXFileReference; lastKnownFileType = file.xib; path = HeaderView.xib; sourceTree = "<group>"; };
		4E456E4A2C159B330098518F /* HeaderView.swift */ = {isa = PBXFileReference; lastKnownFileType = sourcecode.swift; path = HeaderView.swift; sourceTree = "<group>"; };
		4E490E0B2BFE979E000665F7 /* ActivityIndicatorView.swift */ = {isa = PBXFileReference; lastKnownFileType = sourcecode.swift; path = ActivityIndicatorView.swift; sourceTree = "<group>"; };
		4E490E102BFEAE64000665F7 /* Favorite.swift */ = {isa = PBXFileReference; lastKnownFileType = sourcecode.swift; path = Favorite.swift; sourceTree = "<group>"; };
		4E490E122BFEAE92000665F7 /* DBManager.swift */ = {isa = PBXFileReference; lastKnownFileType = sourcecode.swift; path = DBManager.swift; sourceTree = "<group>"; };
		4E4D432E2C1CB11C001CCAF9 /* EditViewModel.swift */ = {isa = PBXFileReference; lastKnownFileType = sourcecode.swift; path = EditViewModel.swift; sourceTree = "<group>"; };
		4E4D43302C1CDE2C001CCAF9 /* Extension+UILabel.swift */ = {isa = PBXFileReference; lastKnownFileType = sourcecode.swift; path = "Extension+UILabel.swift"; sourceTree = "<group>"; };
		4E4E555B2C1C3C7200700380 /* EditViewController.swift */ = {isa = PBXFileReference; lastKnownFileType = sourcecode.swift; path = EditViewController.swift; sourceTree = "<group>"; };
		4E5979052BF7358D00A6951F /* ToDoCell.swift */ = {isa = PBXFileReference; lastKnownFileType = sourcecode.swift; path = ToDoCell.swift; sourceTree = "<group>"; };
		4E72607C2C2588530062A403 /* Secrets.Example.xcconfig */ = {isa = PBXFileReference; lastKnownFileType = text.xcconfig; path = Secrets.Example.xcconfig; sourceTree = "<group>"; };
		4E7C5D752BF8541F00A4AE33 /* ListViewModel.swift */ = {isa = PBXFileReference; lastKnownFileType = sourcecode.swift; path = ListViewModel.swift; sourceTree = "<group>"; };
		4E7C5D792BF8554600A4AE33 /* ToDos.swift */ = {isa = PBXFileReference; lastKnownFileType = sourcecode.swift; path = ToDos.swift; sourceTree = "<group>"; };
		4E7C5D802BF8597D00A4AE33 /* APIServiceProtocol.swift */ = {isa = PBXFileReference; lastKnownFileType = sourcecode.swift; path = APIServiceProtocol.swift; sourceTree = "<group>"; };
		4E7C5D842BF85CDA00A4AE33 /* DetailToDoView.swift */ = {isa = PBXFileReference; lastKnownFileType = sourcecode.swift; path = DetailToDoView.swift; sourceTree = "<group>"; };
		4E7C5D892BF85D0D00A4AE33 /* UserAction.swift */ = {isa = PBXFileReference; lastKnownFileType = sourcecode.swift; path = UserAction.swift; sourceTree = "<group>"; };
		4E8649302BF8CC620099DFB5 /* Coordinator.swift */ = {isa = PBXFileReference; lastKnownFileType = sourcecode.swift; path = Coordinator.swift; sourceTree = "<group>"; };
		4E8649332BF8CCD80099DFB5 /* AppCoordinator.swift */ = {isa = PBXFileReference; lastKnownFileType = sourcecode.swift; path = AppCoordinator.swift; sourceTree = "<group>"; };
		4E8649352BF8CE770099DFB5 /* ToDoCoordinator.swift */ = {isa = PBXFileReference; lastKnownFileType = sourcecode.swift; path = ToDoCoordinator.swift; sourceTree = "<group>"; };
		4E8649372BF8D9710099DFB5 /* DIContainer.swift */ = {isa = PBXFileReference; fileEncoding = 4; lastKnownFileType = sourcecode.swift; path = DIContainer.swift; sourceTree = "<group>"; };
		4E8649382BF8D9710099DFB5 /* DICProtocol.swift */ = {isa = PBXFileReference; fileEncoding = 4; lastKnownFileType = sourcecode.swift; path = DICProtocol.swift; sourceTree = "<group>"; };
		4E86493F2BF8DA6A0099DFB5 /* REST_TODOTests.xctest */ = {isa = PBXFileReference; explicitFileType = wrapper.cfbundle; includeInIndex = 0; path = REST_TODOTests.xctest; sourceTree = BUILT_PRODUCTS_DIR; };
		4E8649412BF8DA6A0099DFB5 /* REST_TODOTests.swift */ = {isa = PBXFileReference; lastKnownFileType = sourcecode.swift; path = REST_TODOTests.swift; sourceTree = "<group>"; };
		4E86494D2BF8FC080099DFB5 /* APIService.swift */ = {isa = PBXFileReference; lastKnownFileType = sourcecode.swift; path = APIService.swift; sourceTree = "<group>"; };
		4E8649512BF8FE790099DFB5 /* Constants.swift */ = {isa = PBXFileReference; lastKnownFileType = sourcecode.swift; path = Constants.swift; sourceTree = "<group>"; };
		4E8649562BF909FC0099DFB5 /* ToDoGETDTO.swift */ = {isa = PBXFileReference; lastKnownFileType = sourcecode.swift; path = ToDoGETDTO.swift; sourceTree = "<group>"; };
		4E8649582BF90A0E0099DFB5 /* ToDoBodyDTO.swift */ = {isa = PBXFileReference; lastKnownFileType = sourcecode.swift; path = ToDoBodyDTO.swift; sourceTree = "<group>"; };
		4E86495A2BF911760099DFB5 /* ViewModelType.swift */ = {isa = PBXFileReference; fileEncoding = 4; lastKnownFileType = sourcecode.swift; path = ViewModelType.swift; sourceTree = "<group>"; };
		4E89298C2BFAB43500316E42 /* NetworkAPIDefinition.swift */ = {isa = PBXFileReference; lastKnownFileType = sourcecode.swift; path = NetworkAPIDefinition.swift; sourceTree = "<group>"; };
		4E89298E2BFAB77100316E42 /* DELETEAPI.swift */ = {isa = PBXFileReference; lastKnownFileType = sourcecode.swift; path = DELETEAPI.swift; sourceTree = "<group>"; };
		4E8DBCFF2BFF3901003E44DD /* GETAPI.swift */ = {isa = PBXFileReference; lastKnownFileType = sourcecode.swift; path = GETAPI.swift; sourceTree = "<group>"; };
		4E8DBD012BFF3955003E44DD /* POSTAPI.swift */ = {isa = PBXFileReference; lastKnownFileType = sourcecode.swift; path = POSTAPI.swift; sourceTree = "<group>"; };
		4E8DBD032BFF3968003E44DD /* PUTAPI.swift */ = {isa = PBXFileReference; lastKnownFileType = sourcecode.swift; path = PUTAPI.swift; sourceTree = "<group>"; };
		4E959E652C242BB700805DD4 /* PreviousTodoCell.swift */ = {isa = PBXFileReference; lastKnownFileType = sourcecode.swift; path = PreviousTodoCell.swift; sourceTree = "<group>"; };
		4E959E672C243CE600805DD4 /* Extension+UserNotifications.swift */ = {isa = PBXFileReference; lastKnownFileType = sourcecode.swift; path = "Extension+UserNotifications.swift"; sourceTree = "<group>"; };
		4E959E692C244AA600805DD4 /* Secrets.xcconfig */ = {isa = PBXFileReference; lastKnownFileType = text.xcconfig; path = Secrets.xcconfig; sourceTree = "<group>"; };
		4E9939572BFB9EE30087AA39 /* Extension+UIColor.swift */ = {isa = PBXFileReference; lastKnownFileType = sourcecode.swift; path = "Extension+UIColor.swift"; sourceTree = "<group>"; };
		4E9939592BFBA8C80087AA39 /* AddViewModel.swift */ = {isa = PBXFileReference; lastKnownFileType = sourcecode.swift; path = AddViewModel.swift; sourceTree = "<group>"; };
		4EAB61FC2C1AD56A009D7388 /* EDIT.storyboard */ = {isa = PBXFileReference; fileEncoding = 4; lastKnownFileType = file.storyboard; path = EDIT.storyboard; sourceTree = "<group>"; };
		4EAB61FE2C1AD574009D7388 /* ADD.storyboard */ = {isa = PBXFileReference; fileEncoding = 4; lastKnownFileType = file.storyboard; path = ADD.storyboard; sourceTree = "<group>"; };
		4ED3536E2C0A1439007ED64E /* Extension+UITextField.swift */ = {isa = PBXFileReference; lastKnownFileType = sourcecode.swift; path = "Extension+UITextField.swift"; sourceTree = "<group>"; };
		4EE6F08E2BF51A420043D833 /* REST_TODO.app */ = {isa = PBXFileReference; explicitFileType = wrapper.application; includeInIndex = 0; path = REST_TODO.app; sourceTree = BUILT_PRODUCTS_DIR; };
		4EE6F0912BF51A420043D833 /* AppDelegate.swift */ = {isa = PBXFileReference; lastKnownFileType = sourcecode.swift; path = AppDelegate.swift; sourceTree = "<group>"; };
		4EE6F0932BF51A420043D833 /* SceneDelegate.swift */ = {isa = PBXFileReference; lastKnownFileType = sourcecode.swift; path = SceneDelegate.swift; sourceTree = "<group>"; };
		4EE6F0952BF51A420043D833 /* ToDoView.swift */ = {isa = PBXFileReference; lastKnownFileType = sourcecode.swift; path = ToDoView.swift; sourceTree = "<group>"; };
		4EE6F09A2BF51A440043D833 /* Assets.xcassets */ = {isa = PBXFileReference; lastKnownFileType = folder.assetcatalog; path = Assets.xcassets; sourceTree = "<group>"; };
		4EE6F09D2BF51A440043D833 /* Base */ = {isa = PBXFileReference; lastKnownFileType = file.storyboard; name = Base; path = Base.lproj/LaunchScreen.storyboard; sourceTree = "<group>"; };
		4EE6F09F2BF51A440043D833 /* Info.plist */ = {isa = PBXFileReference; lastKnownFileType = text.plist.xml; path = Info.plist; sourceTree = "<group>"; };
		4EFF4EBD2BF9B5B6006EC07C /* Extension+String.swift */ = {isa = PBXFileReference; lastKnownFileType = sourcecode.swift; path = "Extension+String.swift"; sourceTree = "<group>"; };
/* End PBXFileReference section */

/* Begin PBXFrameworksBuildPhase section */
		4E86493C2BF8DA6A0099DFB5 /* Frameworks */ = {
			isa = PBXFrameworksBuildPhase;
			buildActionMask = 2147483647;
			files = (
			);
			runOnlyForDeploymentPostprocessing = 0;
		};
		4EE6F08B2BF51A420043D833 /* Frameworks */ = {
			isa = PBXFrameworksBuildPhase;
			buildActionMask = 2147483647;
			files = (
				4E8D9AE52C248F34002B4599 /* SQLite in Frameworks */,
				4E8D9ADF2C248F21002B4599 /* RxRelay in Frameworks */,
				4E8D9AE12C248F28002B4599 /* Alamofire in Frameworks */,
				4E8D9ADD2C248F1A002B4599 /* RxCocoa in Frameworks */,
				4E8D9AE32C248F2D002B4599 /* RxDataSources in Frameworks */,
				4E8D9ADB2C248F14002B4599 /* RxSwift in Frameworks */,
			);
			runOnlyForDeploymentPostprocessing = 0;
		};
/* End PBXFrameworksBuildPhase section */

/* Begin PBXGroup section */
		4E1BF79B2C1562230087994A /* Deprecated */ = {
			isa = PBXGroup;
			children = (
				4E1BF7A32C15670A0087994A /* Model */,
				4E1BF7A22C1566BC0087994A /* ViewModel */,
				4E7C5D7E2BF8587000A4AE33 /* View */,
				4E7C5D7D2BF8575800A4AE33 /* DIContainer */,
				4E8649322BF8CCC90099DFB5 /* Coordinator */,
			);
			path = Deprecated;
			sourceTree = "<group>";
		};
		4E1BF79C2C1564C70087994A /* Managers */ = {
			isa = PBXGroup;
			children = (
				4E18180E2C136EA600195490 /* SeenManager.swift */,
				4E490E122BFEAE92000665F7 /* DBManager.swift */,
			);
			path = Managers;
			sourceTree = "<group>";
		};
		4E1BF79D2C1564DB0087994A /* StoryBoard */ = {
			isa = PBXGroup;
			children = (
				4E27893B2C09ADB60002466B /* ToDo.storyboard */,
				4E2789462C09B76B0002466B /* DetailToDo.storyboard */,
				4EAB61FE2C1AD574009D7388 /* ADD.storyboard */,
				4EAB61FC2C1AD56A009D7388 /* EDIT.storyboard */,
			);
			path = StoryBoard;
			sourceTree = "<group>";
		};
		4E1BF7A22C1566BC0087994A /* ViewModel */ = {
			isa = PBXGroup;
			children = (
				4E1BF79E2C1565F40087994A /* PreviousToDoViewModel.swift */,
				4E1BF7A02C15669C0087994A /* PreviousDetailToDoViewModel.swift */,
			);
			path = ViewModel;
			sourceTree = "<group>";
		};
		4E1BF7A32C15670A0087994A /* Model */ = {
			isa = PBXGroup;
			children = (
				4E8DBCFE2BFF38DD003E44DD /* API */,
				4E8649552BF909F30099DFB5 /* DTO */,
			);
			path = Model;
			sourceTree = "<group>";
		};
		4E2789432C09B67A0002466B /* Controllers */ = {
			isa = PBXGroup;
			children = (
				4E27893D2C09B6540002466B /* ListViewController.swift */,
				4E2789412C09B66F0002466B /* AddViewController.swift */,
				4E4E555B2C1C3C7200700380 /* EditViewController.swift */,
			);
			path = Controllers;
			sourceTree = "<group>";
		};
		4E5979072BF7383D00A6951F /* Application */ = {
			isa = PBXGroup;
			children = (
				4EE6F0912BF51A420043D833 /* AppDelegate.swift */,
				4EE6F0932BF51A420043D833 /* SceneDelegate.swift */,
			);
			path = Application;
			sourceTree = "<group>";
		};
		4E59790A2BF7387600A6951F /* Cells */ = {
			isa = PBXGroup;
			children = (
				4E5979052BF7358D00A6951F /* ToDoCell.swift */,
				4E456E4A2C159B330098518F /* HeaderView.swift */,
			);
			path = Cells;
			sourceTree = "<group>";
		};
		4E59790B2BF738D900A6951F /* Scenes */ = {
			isa = PBXGroup;
			children = (
				4E1BF79D2C1564DB0087994A /* StoryBoard */,
				4E959E642C2415DD00805DD4 /* Xib */,
				4E59790A2BF7387600A6951F /* Cells */,
				4E2789432C09B67A0002466B /* Controllers */,
			);
			path = Scenes;
			sourceTree = "<group>";
		};
		4E59790C2BF738F600A6951F /* Resources */ = {
			isa = PBXGroup;
			children = (
				4EE6F09A2BF51A440043D833 /* Assets.xcassets */,
				4EE6F09C2BF51A440043D833 /* LaunchScreen.storyboard */,
				4EE6F09F2BF51A440043D833 /* Info.plist */,
				4E959E692C244AA600805DD4 /* Secrets.xcconfig */,
				4E72607C2C2588530062A403 /* Secrets.Example.xcconfig */,
			);
			path = Resources;
			sourceTree = "<group>";
		};
		4E7C5D742BF8540200A4AE33 /* ViewModel */ = {
			isa = PBXGroup;
			children = (
				4E7C5D752BF8541F00A4AE33 /* ListViewModel.swift */,
				4E9939592BFBA8C80087AA39 /* AddViewModel.swift */,
				4E4D432E2C1CB11C001CCAF9 /* EditViewModel.swift */,
			);
			path = ViewModel;
			sourceTree = "<group>";
		};
		4E7C5D772BF854EF00A4AE33 /* Model */ = {
			isa = PBXGroup;
			children = (
				4E7C5D792BF8554600A4AE33 /* ToDos.swift */,
				4E490E102BFEAE64000665F7 /* Favorite.swift */,
			);
			path = Model;
			sourceTree = "<group>";
		};
		4E7C5D7D2BF8575800A4AE33 /* DIContainer */ = {
			isa = PBXGroup;
			children = (
				4E8649382BF8D9710099DFB5 /* DICProtocol.swift */,
				4E8649372BF8D9710099DFB5 /* DIContainer.swift */,
				4E7C5D882BF85D0100A4AE33 /* Protocol */,
				4E86494C2BF8FBF40099DFB5 /* Service */,
			);
			path = DIContainer;
			sourceTree = "<group>";
		};
		4E7C5D7E2BF8587000A4AE33 /* View */ = {
			isa = PBXGroup;
			children = (
				4EE6F0952BF51A420043D833 /* ToDoView.swift */,
				4E7C5D842BF85CDA00A4AE33 /* DetailToDoView.swift */,
				4E490E0B2BFE979E000665F7 /* ActivityIndicatorView.swift */,
				4E959E652C242BB700805DD4 /* PreviousTodoCell.swift */,
			);
			path = View;
			sourceTree = "<group>";
		};
		4E7C5D7F2BF8588700A4AE33 /* Helpers */ = {
			isa = PBXGroup;
			children = (
				4E7C5D892BF85D0D00A4AE33 /* UserAction.swift */,
				4E8649512BF8FE790099DFB5 /* Constants.swift */,
				4E1BF7A42C1568A80087994A /* Identifier.swift */,
				4E1BF79C2C1564C70087994A /* Managers */,
				4EFF4EBC2BF9B5A4006EC07C /* Extensions */,
			);
			path = Helpers;
			sourceTree = "<group>";
		};
		4E7C5D882BF85D0100A4AE33 /* Protocol */ = {
			isa = PBXGroup;
			children = (
				4E86495A2BF911760099DFB5 /* ViewModelType.swift */,
				4E7C5D802BF8597D00A4AE33 /* APIServiceProtocol.swift */,
			);
			path = Protocol;
			sourceTree = "<group>";
		};
		4E8649322BF8CCC90099DFB5 /* Coordinator */ = {
			isa = PBXGroup;
			children = (
				4E8649302BF8CC620099DFB5 /* Coordinator.swift */,
				4E8649332BF8CCD80099DFB5 /* AppCoordinator.swift */,
				4E8649352BF8CE770099DFB5 /* ToDoCoordinator.swift */,
			);
			path = Coordinator;
			sourceTree = "<group>";
		};
		4E8649402BF8DA6A0099DFB5 /* REST_TODOTests */ = {
			isa = PBXGroup;
			children = (
				4E8649412BF8DA6A0099DFB5 /* REST_TODOTests.swift */,
			);
			path = REST_TODOTests;
			sourceTree = "<group>";
		};
		4E86494C2BF8FBF40099DFB5 /* Service */ = {
			isa = PBXGroup;
			children = (
				4E86494D2BF8FC080099DFB5 /* APIService.swift */,
			);
			path = Service;
			sourceTree = "<group>";
		};
		4E8649552BF909F30099DFB5 /* DTO */ = {
			isa = PBXGroup;
			children = (
				4E8649562BF909FC0099DFB5 /* ToDoGETDTO.swift */,
				4E8649582BF90A0E0099DFB5 /* ToDoBodyDTO.swift */,
			);
			path = DTO;
			sourceTree = "<group>";
		};
		4E8D9AC62C24810D002B4599 /* Frameworks */ = {
			isa = PBXGroup;
			children = (
			);
			name = Frameworks;
			sourceTree = "<group>";
		};
		4E8DBCFE2BFF38DD003E44DD /* API */ = {
			isa = PBXGroup;
			children = (
				4E2062B52C0423650065592C /* APICase.swift */,
				4E89298C2BFAB43500316E42 /* NetworkAPIDefinition.swift */,
				4E8DBCFF2BFF3901003E44DD /* GETAPI.swift */,
				4E8DBD012BFF3955003E44DD /* POSTAPI.swift */,
				4E8DBD032BFF3968003E44DD /* PUTAPI.swift */,
				4E89298E2BFAB77100316E42 /* DELETEAPI.swift */,
			);
			path = API;
			sourceTree = "<group>";
		};
		4E959E642C2415DD00805DD4 /* Xib */ = {
			isa = PBXGroup;
			children = (
				4E2789492C09C2D30002466B /* ToDoCell.xib */,
				4E456E482C159A8E0098518F /* HeaderView.xib */,
			);
			path = Xib;
			sourceTree = "<group>";
		};
		4EE6F0852BF51A420043D833 = {
			isa = PBXGroup;
			children = (
				4EE6F0902BF51A420043D833 /* REST_TODO */,
				4E8649402BF8DA6A0099DFB5 /* REST_TODOTests */,
				4EE6F08F2BF51A420043D833 /* Products */,
				4E8D9AC62C24810D002B4599 /* Frameworks */,
			);
			sourceTree = "<group>";
		};
		4EE6F08F2BF51A420043D833 /* Products */ = {
			isa = PBXGroup;
			children = (
				4EE6F08E2BF51A420043D833 /* REST_TODO.app */,
				4E86493F2BF8DA6A0099DFB5 /* REST_TODOTests.xctest */,
			);
			name = Products;
			sourceTree = "<group>";
		};
		4EE6F0902BF51A420043D833 /* REST_TODO */ = {
			isa = PBXGroup;
			children = (
				4E5979072BF7383D00A6951F /* Application */,
				4E7C5D7F2BF8588700A4AE33 /* Helpers */,
				4E7C5D742BF8540200A4AE33 /* ViewModel */,
				4E59790B2BF738D900A6951F /* Scenes */,
				4E7C5D772BF854EF00A4AE33 /* Model */,
				4E59790C2BF738F600A6951F /* Resources */,
				4E1BF79B2C1562230087994A /* Deprecated */,
			);
			path = REST_TODO;
			sourceTree = "<group>";
		};
		4EFF4EBC2BF9B5A4006EC07C /* Extensions */ = {
			isa = PBXGroup;
			children = (
				4EFF4EBD2BF9B5B6006EC07C /* Extension+String.swift */,
				4E9939572BFB9EE30087AA39 /* Extension+UIColor.swift */,
				4E28FB2F2BFC085200386215 /* Extension+URLRequest.swift */,
				4E2062B72C04423C0065592C /* Extension+UIViewController.swift */,
				4ED3536E2C0A1439007ED64E /* Extension+UITextField.swift */,
				4E4D43302C1CDE2C001CCAF9 /* Extension+UILabel.swift */,
				4E959E672C243CE600805DD4 /* Extension+UserNotifications.swift */,
			);
			path = Extensions;
			sourceTree = "<group>";
		};
/* End PBXGroup section */

/* Begin PBXNativeTarget section */
		4E86493E2BF8DA6A0099DFB5 /* REST_TODOTests */ = {
			isa = PBXNativeTarget;
			buildConfigurationList = 4E8649452BF8DA6A0099DFB5 /* Build configuration list for PBXNativeTarget "REST_TODOTests" */;
			buildPhases = (
				4E86493B2BF8DA6A0099DFB5 /* Sources */,
				4E86493C2BF8DA6A0099DFB5 /* Frameworks */,
				4E86493D2BF8DA6A0099DFB5 /* Resources */,
				4ED3536A2C09FCA9007ED64E /* Embed Frameworks */,
			);
			buildRules = (
			);
			dependencies = (
				4E8649442BF8DA6A0099DFB5 /* PBXTargetDependency */,
			);
			name = REST_TODOTests;
			productName = REST_TODOTests;
			productReference = 4E86493F2BF8DA6A0099DFB5 /* REST_TODOTests.xctest */;
			productType = "com.apple.product-type.bundle.unit-test";
		};
		4EE6F08D2BF51A420043D833 /* REST_TODO */ = {
			isa = PBXNativeTarget;
			buildConfigurationList = 4EE6F0A22BF51A440043D833 /* Build configuration list for PBXNativeTarget "REST_TODO" */;
			buildPhases = (
				4EE6F08A2BF51A420043D833 /* Sources */,
				4EE6F08B2BF51A420043D833 /* Frameworks */,
				4EE6F08C2BF51A420043D833 /* Resources */,
				4ED353642C09F3BB007ED64E /* Embed Frameworks */,
			);
			buildRules = (
			);
			dependencies = (
			);
			name = REST_TODO;
			packageProductDependencies = (
				4E8D9ADA2C248F14002B4599 /* RxSwift */,
				4E8D9ADC2C248F1A002B4599 /* RxCocoa */,
				4E8D9ADE2C248F21002B4599 /* RxRelay */,
				4E8D9AE02C248F28002B4599 /* Alamofire */,
				4E8D9AE22C248F2D002B4599 /* RxDataSources */,
				4E8D9AE42C248F34002B4599 /* SQLite */,
			);
			productName = REST_TODO;
			productReference = 4EE6F08E2BF51A420043D833 /* REST_TODO.app */;
			productType = "com.apple.product-type.application";
		};
/* End PBXNativeTarget section */

/* Begin PBXProject section */
		4EE6F0862BF51A420043D833 /* Project object */ = {
			isa = PBXProject;
			attributes = {
				BuildIndependentTargetsInParallel = 1;
				LastSwiftUpdateCheck = 1540;
				LastUpgradeCheck = 1530;
				TargetAttributes = {
					4E86493E2BF8DA6A0099DFB5 = {
						CreatedOnToolsVersion = 15.4;
						TestTargetID = 4EE6F08D2BF51A420043D833;
					};
					4EE6F08D2BF51A420043D833 = {
						CreatedOnToolsVersion = 15.3;
					};
				};
			};
			buildConfigurationList = 4EE6F0892BF51A420043D833 /* Build configuration list for PBXProject "REST_TODO" */;
			compatibilityVersion = "Xcode 14.0";
			developmentRegion = en;
			hasScannedForEncodings = 0;
			knownRegions = (
				en,
				Base,
			);
			mainGroup = 4EE6F0852BF51A420043D833;
			packageReferences = (
				4E8D9AD62C248EC0002B4599 /* XCRemoteSwiftPackageReference "RxDataSources" */,
				4E8D9AD72C248ECE002B4599 /* XCRemoteSwiftPackageReference "RxSwift" */,
				4E8D9AD82C248ED9002B4599 /* XCRemoteSwiftPackageReference "Alamofire" */,
				4E8D9AD92C248EFD002B4599 /* XCRemoteSwiftPackageReference "SQLite.swift" */,
			);
			productRefGroup = 4EE6F08F2BF51A420043D833 /* Products */;
			projectDirPath = "";
			projectRoot = "";
			targets = (
				4EE6F08D2BF51A420043D833 /* REST_TODO */,
				4E86493E2BF8DA6A0099DFB5 /* REST_TODOTests */,
			);
		};
/* End PBXProject section */

/* Begin PBXResourcesBuildPhase section */
		4E86493D2BF8DA6A0099DFB5 /* Resources */ = {
			isa = PBXResourcesBuildPhase;
			buildActionMask = 2147483647;
			files = (
			);
			runOnlyForDeploymentPostprocessing = 0;
		};
		4EE6F08C2BF51A420043D833 /* Resources */ = {
			isa = PBXResourcesBuildPhase;
			buildActionMask = 2147483647;
			files = (
				4E2789482C09BC9B0002466B /* LaunchScreen.storyboard in Resources */,
				4E27894A2C09C2D30002466B /* ToDoCell.xib in Resources */,
				4E8D9AE62C249775002B4599 /* Secrets.xcconfig in Resources */,
				4E27893C2C09ADB60002466B /* ToDo.storyboard in Resources */,
				4EE6F09B2BF51A440043D833 /* Assets.xcassets in Resources */,
				4E456E492C159A8E0098518F /* HeaderView.xib in Resources */,
				4EAB61FF2C1AD574009D7388 /* ADD.storyboard in Resources */,
				4EAB61FD2C1AD56A009D7388 /* EDIT.storyboard in Resources */,
				4E2789472C09B76B0002466B /* DetailToDo.storyboard in Resources */,
			);
			runOnlyForDeploymentPostprocessing = 0;
		};
/* End PBXResourcesBuildPhase section */

/* Begin PBXSourcesBuildPhase section */
		4E86493B2BF8DA6A0099DFB5 /* Sources */ = {
			isa = PBXSourcesBuildPhase;
			buildActionMask = 2147483647;
			files = (
				4E8649422BF8DA6A0099DFB5 /* REST_TODOTests.swift in Sources */,
			);
			runOnlyForDeploymentPostprocessing = 0;
		};
		4EE6F08A2BF51A420043D833 /* Sources */ = {
			isa = PBXSourcesBuildPhase;
			buildActionMask = 2147483647;
			files = (
				4E456E4B2C159B330098518F /* HeaderView.swift in Sources */,
				4E89298D2BFAB43500316E42 /* NetworkAPIDefinition.swift in Sources */,
				4ED3536F2C0A1439007ED64E /* Extension+UITextField.swift in Sources */,
				4E86495B2BF911760099DFB5 /* ViewModelType.swift in Sources */,
				4E86494E2BF8FC080099DFB5 /* APIService.swift in Sources */,
				4E490E112BFEAE64000665F7 /* Favorite.swift in Sources */,
				4E7C5D762BF8541F00A4AE33 /* ListViewModel.swift in Sources */,
				4E1BF7A52C1568A80087994A /* Identifier.swift in Sources */,
				4E18180F2C136EA600195490 /* SeenManager.swift in Sources */,
				4E8649592BF90A0E0099DFB5 /* ToDoBodyDTO.swift in Sources */,
				4E959E662C242BB700805DD4 /* PreviousTodoCell.swift in Sources */,
				4E8DBD022BFF3955003E44DD /* POSTAPI.swift in Sources */,
				4E1BF79F2C1565F40087994A /* PreviousToDoViewModel.swift in Sources */,
				4E8649342BF8CCD80099DFB5 /* AppCoordinator.swift in Sources */,
				4E2062B82C04423C0065592C /* Extension+UIViewController.swift in Sources */,
				4EE6F0962BF51A420043D833 /* ToDoView.swift in Sources */,
				4EE6F0922BF51A420043D833 /* AppDelegate.swift in Sources */,
				4E8649572BF909FC0099DFB5 /* ToDoGETDTO.swift in Sources */,
				4E7C5D812BF8597D00A4AE33 /* APIServiceProtocol.swift in Sources */,
				4E99395A2BFBA8C80087AA39 /* AddViewModel.swift in Sources */,
				4E4E555C2C1C3C7200700380 /* EditViewController.swift in Sources */,
				4E8649392BF8D9710099DFB5 /* DIContainer.swift in Sources */,
				4E89298F2BFAB77100316E42 /* DELETEAPI.swift in Sources */,
				4E7C5D7A2BF8554600A4AE33 /* ToDos.swift in Sources */,
				4E7C5D8A2BF85D0D00A4AE33 /* UserAction.swift in Sources */,
				4E490E0C2BFE979E000665F7 /* ActivityIndicatorView.swift in Sources */,
				4E28FB302BFC085200386215 /* Extension+URLRequest.swift in Sources */,
				4E27893E2C09B6540002466B /* ListViewController.swift in Sources */,
				4E8649522BF8FE790099DFB5 /* Constants.swift in Sources */,
				4E959E682C243CE600805DD4 /* Extension+UserNotifications.swift in Sources */,
				4E2789422C09B66F0002466B /* AddViewController.swift in Sources */,
				4E4D43312C1CDE2C001CCAF9 /* Extension+UILabel.swift in Sources */,
				4E8649312BF8CC620099DFB5 /* Coordinator.swift in Sources */,
				4EE6F0942BF51A420043D833 /* SceneDelegate.swift in Sources */,
				4E4D432F2C1CB11C001CCAF9 /* EditViewModel.swift in Sources */,
				4E5979062BF7358D00A6951F /* ToDoCell.swift in Sources */,
				4EFF4EBE2BF9B5B6006EC07C /* Extension+String.swift in Sources */,
				4E490E132BFEAE92000665F7 /* DBManager.swift in Sources */,
				4E8DBD042BFF3968003E44DD /* PUTAPI.swift in Sources */,
				4E8649362BF8CE770099DFB5 /* ToDoCoordinator.swift in Sources */,
				4E1BF7A12C15669C0087994A /* PreviousDetailToDoViewModel.swift in Sources */,
				4E86493A2BF8D9710099DFB5 /* DICProtocol.swift in Sources */,
				4E7C5D852BF85CDA00A4AE33 /* DetailToDoView.swift in Sources */,
				4E9939582BFB9EE30087AA39 /* Extension+UIColor.swift in Sources */,
				4E2062B62C0423650065592C /* APICase.swift in Sources */,
				4E8DBD002BFF3901003E44DD /* GETAPI.swift in Sources */,
			);
			runOnlyForDeploymentPostprocessing = 0;
		};
/* End PBXSourcesBuildPhase section */

/* Begin PBXTargetDependency section */
		4E8649442BF8DA6A0099DFB5 /* PBXTargetDependency */ = {
			isa = PBXTargetDependency;
			target = 4EE6F08D2BF51A420043D833 /* REST_TODO */;
			targetProxy = 4E8649432BF8DA6A0099DFB5 /* PBXContainerItemProxy */;
		};
/* End PBXTargetDependency section */

/* Begin PBXVariantGroup section */
		4EE6F09C2BF51A440043D833 /* LaunchScreen.storyboard */ = {
			isa = PBXVariantGroup;
			children = (
				4EE6F09D2BF51A440043D833 /* Base */,
			);
			name = LaunchScreen.storyboard;
			sourceTree = "<group>";
		};
/* End PBXVariantGroup section */

/* Begin XCBuildConfiguration section */
		4E8649462BF8DA6A0099DFB5 /* Debug */ = {
			isa = XCBuildConfiguration;
			buildSettings = {
				BUNDLE_LOADER = "$(TEST_HOST)";
				CODE_SIGN_STYLE = Automatic;
				CURRENT_PROJECT_VERSION = 1;
				DEVELOPMENT_TEAM = 4MN45GZSDT;
				GENERATE_INFOPLIST_FILE = YES;
				IPHONEOS_DEPLOYMENT_TARGET = 16.0;
				MARKETING_VERSION = 1.0;
				PRODUCT_BUNDLE_IDENTIFIER = "com.Junwoo.Jununu.REST-TODOTests";
				PRODUCT_NAME = "$(TARGET_NAME)";
				SWIFT_EMIT_LOC_STRINGS = NO;
				SWIFT_VERSION = 5.0;
				TARGETED_DEVICE_FAMILY = "1,2";
				TEST_HOST = "$(BUILT_PRODUCTS_DIR)/REST_TODO.app/$(BUNDLE_EXECUTABLE_FOLDER_PATH)/REST_TODO";
			};
			name = Debug;
		};
		4E8649472BF8DA6A0099DFB5 /* Release */ = {
			isa = XCBuildConfiguration;
			buildSettings = {
				BUNDLE_LOADER = "$(TEST_HOST)";
				CODE_SIGN_STYLE = Automatic;
				CURRENT_PROJECT_VERSION = 1;
				DEVELOPMENT_TEAM = 4MN45GZSDT;
				GENERATE_INFOPLIST_FILE = YES;
				IPHONEOS_DEPLOYMENT_TARGET = 16.0;
				MARKETING_VERSION = 1.0;
				PRODUCT_BUNDLE_IDENTIFIER = "com.Junwoo.Jununu.REST-TODOTests";
				PRODUCT_NAME = "$(TARGET_NAME)";
				SWIFT_EMIT_LOC_STRINGS = NO;
				SWIFT_VERSION = 5.0;
				TARGETED_DEVICE_FAMILY = "1,2";
				TEST_HOST = "$(BUILT_PRODUCTS_DIR)/REST_TODO.app/$(BUNDLE_EXECUTABLE_FOLDER_PATH)/REST_TODO";
			};
			name = Release;
		};
		4EE6F0A02BF51A440043D833 /* Debug */ = {
			isa = XCBuildConfiguration;
			baseConfigurationReference = 4E959E692C244AA600805DD4 /* Secrets.xcconfig */;
			buildSettings = {
				ALWAYS_SEARCH_USER_PATHS = NO;
				ASSETCATALOG_COMPILER_GENERATE_SWIFT_ASSET_SYMBOL_EXTENSIONS = YES;
				CLANG_ANALYZER_NONNULL = YES;
				CLANG_ANALYZER_NUMBER_OBJECT_CONVERSION = YES_AGGRESSIVE;
				CLANG_CXX_LANGUAGE_STANDARD = "gnu++20";
				CLANG_ENABLE_MODULES = YES;
				CLANG_ENABLE_OBJC_ARC = YES;
				CLANG_ENABLE_OBJC_WEAK = YES;
				CLANG_WARN_BLOCK_CAPTURE_AUTORELEASING = YES;
				CLANG_WARN_BOOL_CONVERSION = YES;
				CLANG_WARN_COMMA = YES;
				CLANG_WARN_CONSTANT_CONVERSION = YES;
				CLANG_WARN_DEPRECATED_OBJC_IMPLEMENTATIONS = YES;
				CLANG_WARN_DIRECT_OBJC_ISA_USAGE = YES_ERROR;
				CLANG_WARN_DOCUMENTATION_COMMENTS = YES;
				CLANG_WARN_EMPTY_BODY = YES;
				CLANG_WARN_ENUM_CONVERSION = YES;
				CLANG_WARN_INFINITE_RECURSION = YES;
				CLANG_WARN_INT_CONVERSION = YES;
				CLANG_WARN_NON_LITERAL_NULL_CONVERSION = YES;
				CLANG_WARN_OBJC_IMPLICIT_RETAIN_SELF = YES;
				CLANG_WARN_OBJC_LITERAL_CONVERSION = YES;
				CLANG_WARN_OBJC_ROOT_CLASS = YES_ERROR;
				CLANG_WARN_QUOTED_INCLUDE_IN_FRAMEWORK_HEADER = YES;
				CLANG_WARN_RANGE_LOOP_ANALYSIS = YES;
				CLANG_WARN_STRICT_PROTOTYPES = YES;
				CLANG_WARN_SUSPICIOUS_MOVE = YES;
				CLANG_WARN_UNGUARDED_AVAILABILITY = YES_AGGRESSIVE;
				CLANG_WARN_UNREACHABLE_CODE = YES;
				CLANG_WARN__DUPLICATE_METHOD_MATCH = YES;
				COPY_PHASE_STRIP = NO;
				DEBUG_INFORMATION_FORMAT = dwarf;
				ENABLE_STRICT_OBJC_MSGSEND = YES;
				ENABLE_TESTABILITY = YES;
				ENABLE_USER_SCRIPT_SANDBOXING = YES;
				GCC_C_LANGUAGE_STANDARD = gnu17;
				GCC_DYNAMIC_NO_PIC = NO;
				GCC_NO_COMMON_BLOCKS = YES;
				GCC_OPTIMIZATION_LEVEL = 0;
				GCC_PREPROCESSOR_DEFINITIONS = (
					"DEBUG=1",
					"$(inherited)",
				);
				GCC_WARN_64_TO_32_BIT_CONVERSION = YES;
				GCC_WARN_ABOUT_RETURN_TYPE = YES_ERROR;
				GCC_WARN_UNDECLARED_SELECTOR = YES;
				GCC_WARN_UNINITIALIZED_AUTOS = YES_AGGRESSIVE;
				GCC_WARN_UNUSED_FUNCTION = YES;
				GCC_WARN_UNUSED_VARIABLE = YES;
				INFOPLIST_FILE = "";
				INFOPLIST_PREPROCESS = NO;
				IPHONEOS_DEPLOYMENT_TARGET = 16.0;
				LOCALIZATION_PREFERS_STRING_CATALOGS = YES;
				MTL_ENABLE_DEBUG_INFO = INCLUDE_SOURCE;
				MTL_FAST_MATH = YES;
				ONLY_ACTIVE_ARCH = YES;
				SDKROOT = iphoneos;
				SWIFT_ACTIVE_COMPILATION_CONDITIONS = "DEBUG $(inherited)";
				SWIFT_OPTIMIZATION_LEVEL = "-Onone";
			};
			name = Debug;
		};
		4EE6F0A12BF51A440043D833 /* Release */ = {
			isa = XCBuildConfiguration;
			baseConfigurationReference = 4E959E692C244AA600805DD4 /* Secrets.xcconfig */;
			buildSettings = {
				ALWAYS_SEARCH_USER_PATHS = NO;
				ASSETCATALOG_COMPILER_GENERATE_SWIFT_ASSET_SYMBOL_EXTENSIONS = YES;
				CLANG_ANALYZER_NONNULL = YES;
				CLANG_ANALYZER_NUMBER_OBJECT_CONVERSION = YES_AGGRESSIVE;
				CLANG_CXX_LANGUAGE_STANDARD = "gnu++20";
				CLANG_ENABLE_MODULES = YES;
				CLANG_ENABLE_OBJC_ARC = YES;
				CLANG_ENABLE_OBJC_WEAK = YES;
				CLANG_WARN_BLOCK_CAPTURE_AUTORELEASING = YES;
				CLANG_WARN_BOOL_CONVERSION = YES;
				CLANG_WARN_COMMA = YES;
				CLANG_WARN_CONSTANT_CONVERSION = YES;
				CLANG_WARN_DEPRECATED_OBJC_IMPLEMENTATIONS = YES;
				CLANG_WARN_DIRECT_OBJC_ISA_USAGE = YES_ERROR;
				CLANG_WARN_DOCUMENTATION_COMMENTS = YES;
				CLANG_WARN_EMPTY_BODY = YES;
				CLANG_WARN_ENUM_CONVERSION = YES;
				CLANG_WARN_INFINITE_RECURSION = YES;
				CLANG_WARN_INT_CONVERSION = YES;
				CLANG_WARN_NON_LITERAL_NULL_CONVERSION = YES;
				CLANG_WARN_OBJC_IMPLICIT_RETAIN_SELF = YES;
				CLANG_WARN_OBJC_LITERAL_CONVERSION = YES;
				CLANG_WARN_OBJC_ROOT_CLASS = YES_ERROR;
				CLANG_WARN_QUOTED_INCLUDE_IN_FRAMEWORK_HEADER = YES;
				CLANG_WARN_RANGE_LOOP_ANALYSIS = YES;
				CLANG_WARN_STRICT_PROTOTYPES = YES;
				CLANG_WARN_SUSPICIOUS_MOVE = YES;
				CLANG_WARN_UNGUARDED_AVAILABILITY = YES_AGGRESSIVE;
				CLANG_WARN_UNREACHABLE_CODE = YES;
				CLANG_WARN__DUPLICATE_METHOD_MATCH = YES;
				COPY_PHASE_STRIP = NO;
				DEBUG_INFORMATION_FORMAT = "dwarf-with-dsym";
				ENABLE_NS_ASSERTIONS = NO;
				ENABLE_STRICT_OBJC_MSGSEND = YES;
				ENABLE_USER_SCRIPT_SANDBOXING = YES;
				GCC_C_LANGUAGE_STANDARD = gnu17;
				GCC_NO_COMMON_BLOCKS = YES;
				GCC_WARN_64_TO_32_BIT_CONVERSION = YES;
				GCC_WARN_ABOUT_RETURN_TYPE = YES_ERROR;
				GCC_WARN_UNDECLARED_SELECTOR = YES;
				GCC_WARN_UNINITIALIZED_AUTOS = YES_AGGRESSIVE;
				GCC_WARN_UNUSED_FUNCTION = YES;
				GCC_WARN_UNUSED_VARIABLE = YES;
				INFOPLIST_FILE = "";
				INFOPLIST_PREPROCESS = NO;
				IPHONEOS_DEPLOYMENT_TARGET = 16.0;
				LOCALIZATION_PREFERS_STRING_CATALOGS = YES;
				MTL_ENABLE_DEBUG_INFO = NO;
				MTL_FAST_MATH = YES;
				SDKROOT = iphoneos;
				SWIFT_COMPILATION_MODE = wholemodule;
				VALIDATE_PRODUCT = YES;
			};
			name = Release;
		};
		4EE6F0A32BF51A440043D833 /* Debug */ = {
			isa = XCBuildConfiguration;
			buildSettings = {
				ASSETCATALOG_COMPILER_APPICON_NAME = AppIcon;
				ASSETCATALOG_COMPILER_GLOBAL_ACCENT_COLOR_NAME = AccentColor;
				CODE_SIGN_STYLE = Automatic;
				CURRENT_PROJECT_VERSION = 1;
				DEVELOPMENT_TEAM = 4MN45GZSDT;
				ENABLE_USER_SCRIPT_SANDBOXING = NO;
				GENERATE_INFOPLIST_FILE = YES;
				INFOPLIST_FILE = REST_TODO/Resources/Info.plist;
				INFOPLIST_KEY_UIApplicationSupportsIndirectInputEvents = YES;
				INFOPLIST_KEY_UILaunchStoryboardName = LaunchScreen;
				INFOPLIST_KEY_UIMainStoryboardFile = ToDo;
				INFOPLIST_KEY_UISupportedInterfaceOrientations_iPad = "UIInterfaceOrientationPortrait UIInterfaceOrientationPortraitUpsideDown UIInterfaceOrientationLandscapeLeft UIInterfaceOrientationLandscapeRight";
				INFOPLIST_KEY_UISupportedInterfaceOrientations_iPhone = "UIInterfaceOrientationPortrait UIInterfaceOrientationLandscapeLeft UIInterfaceOrientationLandscapeRight";
				IPHONEOS_DEPLOYMENT_TARGET = 16.0;
				LD_RUNPATH_SEARCH_PATHS = (
					"$(inherited)",
					"@executable_path/Frameworks",
				);
				MARKETING_VERSION = 1.0;
				PRODUCT_BUNDLE_IDENTIFIER = "com.Junwoo.Jununu.REST-TODO";
				PRODUCT_NAME = "$(TARGET_NAME)";
				SUPPORTED_PLATFORMS = "iphoneos iphonesimulator";
				SUPPORTS_MACCATALYST = NO;
				SUPPORTS_MAC_DESIGNED_FOR_IPHONE_IPAD = NO;
				SUPPORTS_XR_DESIGNED_FOR_IPHONE_IPAD = NO;
				SWIFT_EMIT_LOC_STRINGS = YES;
				SWIFT_VERSION = 5.0;
				TARGETED_DEVICE_FAMILY = "1,2";
			};
			name = Debug;
		};
		4EE6F0A42BF51A440043D833 /* Release */ = {
			isa = XCBuildConfiguration;
			buildSettings = {
				ASSETCATALOG_COMPILER_APPICON_NAME = AppIcon;
				ASSETCATALOG_COMPILER_GLOBAL_ACCENT_COLOR_NAME = AccentColor;
				CODE_SIGN_STYLE = Automatic;
				CURRENT_PROJECT_VERSION = 1;
				DEVELOPMENT_TEAM = 4MN45GZSDT;
				ENABLE_USER_SCRIPT_SANDBOXING = NO;
				GENERATE_INFOPLIST_FILE = YES;
				INFOPLIST_FILE = REST_TODO/Resources/Info.plist;
				INFOPLIST_KEY_UIApplicationSupportsIndirectInputEvents = YES;
				INFOPLIST_KEY_UILaunchStoryboardName = LaunchScreen;
				INFOPLIST_KEY_UIMainStoryboardFile = ToDo;
				INFOPLIST_KEY_UISupportedInterfaceOrientations_iPad = "UIInterfaceOrientationPortrait UIInterfaceOrientationPortraitUpsideDown UIInterfaceOrientationLandscapeLeft UIInterfaceOrientationLandscapeRight";
				INFOPLIST_KEY_UISupportedInterfaceOrientations_iPhone = "UIInterfaceOrientationPortrait UIInterfaceOrientationLandscapeLeft UIInterfaceOrientationLandscapeRight";
				IPHONEOS_DEPLOYMENT_TARGET = 16.0;
				LD_RUNPATH_SEARCH_PATHS = (
					"$(inherited)",
					"@executable_path/Frameworks",
				);
				MARKETING_VERSION = 1.0;
				PRODUCT_BUNDLE_IDENTIFIER = "com.Junwoo.Jununu.REST-TODO";
				PRODUCT_NAME = "$(TARGET_NAME)";
				SUPPORTED_PLATFORMS = "iphoneos iphonesimulator";
				SUPPORTS_MACCATALYST = NO;
				SUPPORTS_MAC_DESIGNED_FOR_IPHONE_IPAD = NO;
				SUPPORTS_XR_DESIGNED_FOR_IPHONE_IPAD = NO;
				SWIFT_EMIT_LOC_STRINGS = YES;
				SWIFT_VERSION = 5.0;
				TARGETED_DEVICE_FAMILY = "1,2";
			};
			name = Release;
		};
/* End XCBuildConfiguration section */

/* Begin XCConfigurationList section */
		4E8649452BF8DA6A0099DFB5 /* Build configuration list for PBXNativeTarget "REST_TODOTests" */ = {
			isa = XCConfigurationList;
			buildConfigurations = (
				4E8649462BF8DA6A0099DFB5 /* Debug */,
				4E8649472BF8DA6A0099DFB5 /* Release */,
			);
			defaultConfigurationIsVisible = 0;
			defaultConfigurationName = Release;
		};
		4EE6F0892BF51A420043D833 /* Build configuration list for PBXProject "REST_TODO" */ = {
			isa = XCConfigurationList;
			buildConfigurations = (
				4EE6F0A02BF51A440043D833 /* Debug */,
				4EE6F0A12BF51A440043D833 /* Release */,
			);
			defaultConfigurationIsVisible = 0;
			defaultConfigurationName = Release;
		};
		4EE6F0A22BF51A440043D833 /* Build configuration list for PBXNativeTarget "REST_TODO" */ = {
			isa = XCConfigurationList;
			buildConfigurations = (
				4EE6F0A32BF51A440043D833 /* Debug */,
				4EE6F0A42BF51A440043D833 /* Release */,
			);
			defaultConfigurationIsVisible = 0;
			defaultConfigurationName = Release;
		};
/* End XCConfigurationList section */

/* Begin XCRemoteSwiftPackageReference section */
		4E8D9AD62C248EC0002B4599 /* XCRemoteSwiftPackageReference "RxDataSources" */ = {
			isa = XCRemoteSwiftPackageReference;
			repositoryURL = "https://github.com/RxSwiftCommunity/RxDataSources.git";
			requirement = {
				kind = upToNextMajorVersion;
				minimumVersion = 5.0.2;
			};
		};
		4E8D9AD72C248ECE002B4599 /* XCRemoteSwiftPackageReference "RxSwift" */ = {
			isa = XCRemoteSwiftPackageReference;
			repositoryURL = "https://github.com/ReactiveX/RxSwift";
			requirement = {
				kind = upToNextMajorVersion;
				minimumVersion = 6.7.1;
			};
		};
		4E8D9AD82C248ED9002B4599 /* XCRemoteSwiftPackageReference "Alamofire" */ = {
			isa = XCRemoteSwiftPackageReference;
			repositoryURL = "https://github.com/Alamofire/Alamofire";
			requirement = {
				kind = upToNextMajorVersion;
				minimumVersion = 5.9.1;
			};
		};
		4E8D9AD92C248EFD002B4599 /* XCRemoteSwiftPackageReference "SQLite.swift" */ = {
			isa = XCRemoteSwiftPackageReference;
			repositoryURL = "https://github.com/stephencelis/SQLite.swift.git";
			requirement = {
				kind = upToNextMajorVersion;
				minimumVersion = 0.15.3;
			};
		};
/* End XCRemoteSwiftPackageReference section */

/* Begin XCSwiftPackageProductDependency section */
		4E8D9ADA2C248F14002B4599 /* RxSwift */ = {
			isa = XCSwiftPackageProductDependency;
			package = 4E8D9AD72C248ECE002B4599 /* XCRemoteSwiftPackageReference "RxSwift" */;
			productName = RxSwift;
		};
		4E8D9ADC2C248F1A002B4599 /* RxCocoa */ = {
			isa = XCSwiftPackageProductDependency;
			package = 4E8D9AD72C248ECE002B4599 /* XCRemoteSwiftPackageReference "RxSwift" */;
			productName = RxCocoa;
		};
		4E8D9ADE2C248F21002B4599 /* RxRelay */ = {
			isa = XCSwiftPackageProductDependency;
			package = 4E8D9AD72C248ECE002B4599 /* XCRemoteSwiftPackageReference "RxSwift" */;
			productName = RxRelay;
		};
		4E8D9AE02C248F28002B4599 /* Alamofire */ = {
			isa = XCSwiftPackageProductDependency;
			package = 4E8D9AD82C248ED9002B4599 /* XCRemoteSwiftPackageReference "Alamofire" */;
			productName = Alamofire;
		};
		4E8D9AE22C248F2D002B4599 /* RxDataSources */ = {
			isa = XCSwiftPackageProductDependency;
			package = 4E8D9AD62C248EC0002B4599 /* XCRemoteSwiftPackageReference "RxDataSources" */;
			productName = RxDataSources;
		};
		4E8D9AE42C248F34002B4599 /* SQLite */ = {
			isa = XCSwiftPackageProductDependency;
			package = 4E8D9AD92C248EFD002B4599 /* XCRemoteSwiftPackageReference "SQLite.swift" */;
			productName = SQLite;
		};
/* End XCSwiftPackageProductDependency section */
	};
	rootObject = 4EE6F0862BF51A420043D833 /* Project object */;
}
